// !$*UTF8*$!
{
	archiveVersion = 1;
	classes = {
	};
	objectVersion = 77;
	objects = {

/* Begin PBXBuildFile section */
		7B0015DB2D57E93E00448669 /* AbstinenceSupportCore in Frameworks */ = {isa = PBXBuildFile; productRef = 7B0015D92D57E8D000448669 /* AbstinenceSupportCore */; };
		7B7927C02D6C5DC7003FBEDD /* PrivacyInfo.xcprivacy in Resources */ = {isa = PBXBuildFile; fileRef = 7B7927BF2D6C5DC7003FBEDD /* PrivacyInfo.xcprivacy */; };
		7B7927C12D6C5E0E003FBEDD /* PrivacyInfo.xcprivacy in Resources */ = {isa = PBXBuildFile; fileRef = 7B7927BF2D6C5DC7003FBEDD /* PrivacyInfo.xcprivacy */; };
		7BF027102D682A1D001EFC91 /* WidgetKit.framework in Frameworks */ = {isa = PBXBuildFile; fileRef = 7BF0270F2D682A1D001EFC91 /* WidgetKit.framework */; };
		7BF027122D682A1D001EFC91 /* SwiftUI.framework in Frameworks */ = {isa = PBXBuildFile; fileRef = 7BF027112D682A1D001EFC91 /* SwiftUI.framework */; };
		7BF027232D682A20001EFC91 /* AbstinenceSupportWidgetExtension.appex in Embed Foundation Extensions */ = {isa = PBXBuildFile; fileRef = 7BF0270E2D682A1D001EFC91 /* AbstinenceSupportWidgetExtension.appex */; settings = {ATTRIBUTES = (RemoveHeadersOnCopy, ); }; };
		7BF0272A2D682F86001EFC91 /* AbstinenceSupportCore in Frameworks */ = {isa = PBXBuildFile; productRef = 7BF027292D682F86001EFC91 /* AbstinenceSupportCore */; };
/* End PBXBuildFile section */

/* Begin PBXContainerItemProxy section */
		7BF027212D682A20001EFC91 /* PBXContainerItemProxy */ = {
			isa = PBXContainerItemProxy;
			containerPortal = 7B0015B22D57E53100448669 /* Project object */;
			proxyType = 1;
			remoteGlobalIDString = 7BF0270D2D682A1D001EFC91;
			remoteInfo = AbstinenceSupportWidgetExtension;
		};
/* End PBXContainerItemProxy section */

/* Begin PBXCopyFilesBuildPhase section */
		7BF027242D682A20001EFC91 /* Embed Foundation Extensions */ = {
			isa = PBXCopyFilesBuildPhase;
			buildActionMask = 2147483647;
			dstPath = "";
			dstSubfolderSpec = 13;
			files = (
				7BF027232D682A20001EFC91 /* AbstinenceSupportWidgetExtension.appex in Embed Foundation Extensions */,
			);
			name = "Embed Foundation Extensions";
			runOnlyForDeploymentPostprocessing = 0;
		};
/* End PBXCopyFilesBuildPhase section */

/* Begin PBXFileReference section */
		7B0015BA2D57E53100448669 /* AbstinenceSupport.app */ = {isa = PBXFileReference; explicitFileType = wrapper.application; includeInIndex = 0; path = AbstinenceSupport.app; sourceTree = BUILT_PRODUCTS_DIR; };
		7B7926D32D6BA14A003FBEDD /* Default.xcconfig */ = {isa = PBXFileReference; lastKnownFileType = text.xcconfig; path = Default.xcconfig; sourceTree = "<group>"; };
		7B7927BF2D6C5DC7003FBEDD /* PrivacyInfo.xcprivacy */ = {isa = PBXFileReference; lastKnownFileType = text.xml; path = PrivacyInfo.xcprivacy; sourceTree = "<group>"; };
		7BF0270E2D682A1D001EFC91 /* AbstinenceSupportWidgetExtension.appex */ = {isa = PBXFileReference; explicitFileType = "wrapper.app-extension"; includeInIndex = 0; path = AbstinenceSupportWidgetExtension.appex; sourceTree = BUILT_PRODUCTS_DIR; };
		7BF0270F2D682A1D001EFC91 /* WidgetKit.framework */ = {isa = PBXFileReference; lastKnownFileType = wrapper.framework; name = WidgetKit.framework; path = System/Library/Frameworks/WidgetKit.framework; sourceTree = SDKROOT; };
		7BF027112D682A1D001EFC91 /* SwiftUI.framework */ = {isa = PBXFileReference; lastKnownFileType = wrapper.framework; name = SwiftUI.framework; path = System/Library/Frameworks/SwiftUI.framework; sourceTree = SDKROOT; };
		7BF0273B2D6922BC001EFC91 /* AbstinenceSupportWidgetExtension.entitlements */ = {isa = PBXFileReference; lastKnownFileType = text.plist.entitlements; path = AbstinenceSupportWidgetExtension.entitlements; sourceTree = "<group>"; };
/* End PBXFileReference section */

/* Begin PBXFileSystemSynchronizedBuildFileExceptionSet section */
		7B0015F22D57EB5300448669 /* Exceptions for "AbstinenceSupport" folder in "AbstinenceSupport" target */ = {
			isa = PBXFileSystemSynchronizedBuildFileExceptionSet;
			membershipExceptions = (
				Info.plist,
			);
			target = 7B0015B92D57E53100448669 /* AbstinenceSupport */;
		};
		7BF027282D682A20001EFC91 /* Exceptions for "AbstinenceSupportWidget" folder in "AbstinenceSupportWidgetExtension" target */ = {
			isa = PBXFileSystemSynchronizedBuildFileExceptionSet;
			membershipExceptions = (
				Info.plist,
			);
			target = 7BF0270D2D682A1D001EFC91 /* AbstinenceSupportWidgetExtension */;
		};
/* End PBXFileSystemSynchronizedBuildFileExceptionSet section */

/* Begin PBXFileSystemSynchronizedRootGroup section */
		7B0015BC2D57E53100448669 /* AbstinenceSupport */ = {
			isa = PBXFileSystemSynchronizedRootGroup;
			exceptions = (
				7B0015F22D57EB5300448669 /* Exceptions for "AbstinenceSupport" folder in "AbstinenceSupport" target */,
			);
			path = AbstinenceSupport;
			sourceTree = "<group>";
		};
		7BF027132D682A1D001EFC91 /* AbstinenceSupportWidget */ = {
			isa = PBXFileSystemSynchronizedRootGroup;
			exceptions = (
				7BF027282D682A20001EFC91 /* Exceptions for "AbstinenceSupportWidget" folder in "AbstinenceSupportWidgetExtension" target */,
			);
			path = AbstinenceSupportWidget;
			sourceTree = "<group>";
		};
/* End PBXFileSystemSynchronizedRootGroup section */

/* Begin PBXFrameworksBuildPhase section */
		7B0015B72D57E53100448669 /* Frameworks */ = {
			isa = PBXFrameworksBuildPhase;
			buildActionMask = 2147483647;
			files = (
				7B0015DB2D57E93E00448669 /* AbstinenceSupportCore in Frameworks */,
			);
			runOnlyForDeploymentPostprocessing = 0;
		};
		7BF0270B2D682A1D001EFC91 /* Frameworks */ = {
			isa = PBXFrameworksBuildPhase;
			buildActionMask = 2147483647;
			files = (
				7BF0272A2D682F86001EFC91 /* AbstinenceSupportCore in Frameworks */,
				7BF027122D682A1D001EFC91 /* SwiftUI.framework in Frameworks */,
				7BF027102D682A1D001EFC91 /* WidgetKit.framework in Frameworks */,
			);
			runOnlyForDeploymentPostprocessing = 0;
		};
/* End PBXFrameworksBuildPhase section */

/* Begin PBXGroup section */
		7B0015B12D57E53100448669 = {
			isa = PBXGroup;
			children = (
				7B7927BF2D6C5DC7003FBEDD /* PrivacyInfo.xcprivacy */,
				7BF0273B2D6922BC001EFC91 /* AbstinenceSupportWidgetExtension.entitlements */,
				7B7926D32D6BA14A003FBEDD /* Default.xcconfig */,
				7B0015BC2D57E53100448669 /* AbstinenceSupport */,
				7BF027132D682A1D001EFC91 /* AbstinenceSupportWidget */,
				7B0719192D6096BD004A4903 /* Frameworks */,
				7B0015BB2D57E53100448669 /* Products */,
			);
			sourceTree = "<group>";
		};
		7B0015BB2D57E53100448669 /* Products */ = {
			isa = PBXGroup;
			children = (
				7B0015BA2D57E53100448669 /* AbstinenceSupport.app */,
				7BF0270E2D682A1D001EFC91 /* AbstinenceSupportWidgetExtension.appex */,
			);
			name = Products;
			sourceTree = "<group>";
		};
		7B0719192D6096BD004A4903 /* Frameworks */ = {
			isa = PBXGroup;
			children = (
				7BF0270F2D682A1D001EFC91 /* WidgetKit.framework */,
				7BF027112D682A1D001EFC91 /* SwiftUI.framework */,
			);
			name = Frameworks;
			sourceTree = "<group>";
		};
/* End PBXGroup section */

/* Begin PBXNativeTarget section */
		7B0015B92D57E53100448669 /* AbstinenceSupport */ = {
			isa = PBXNativeTarget;
			buildConfigurationList = 7B0015C82D57E53400448669 /* Build configuration list for PBXNativeTarget "AbstinenceSupport" */;
			buildPhases = (
				7B0015B62D57E53100448669 /* Sources */,
				7B0015B72D57E53100448669 /* Frameworks */,
				7B0015FC2D58C0C200448669 /* swift-format */,
				7B0015B82D57E53100448669 /* Resources */,
				7BF027242D682A20001EFC91 /* Embed Foundation Extensions */,
			);
			buildRules = (
			);
			dependencies = (
				7BF027222D682A20001EFC91 /* PBXTargetDependency */,
			);
			fileSystemSynchronizedGroups = (
				7B0015BC2D57E53100448669 /* AbstinenceSupport */,
			);
			name = AbstinenceSupport;
			packageProductDependencies = (
				7B0015D92D57E8D000448669 /* AbstinenceSupportCore */,
			);
			productName = AbstinenceSupport;
			productReference = 7B0015BA2D57E53100448669 /* AbstinenceSupport.app */;
			productType = "com.apple.product-type.application";
		};
		7BF0270D2D682A1D001EFC91 /* AbstinenceSupportWidgetExtension */ = {
			isa = PBXNativeTarget;
			buildConfigurationList = 7BF027272D682A20001EFC91 /* Build configuration list for PBXNativeTarget "AbstinenceSupportWidgetExtension" */;
			buildPhases = (
				7BF0270A2D682A1D001EFC91 /* Sources */,
				7BF0270B2D682A1D001EFC91 /* Frameworks */,
				7BF0270C2D682A1D001EFC91 /* Resources */,
			);
			buildRules = (
			);
			dependencies = (
			);
			fileSystemSynchronizedGroups = (
				7BF027132D682A1D001EFC91 /* AbstinenceSupportWidget */,
			);
			name = AbstinenceSupportWidgetExtension;
			packageProductDependencies = (
				7BF027292D682F86001EFC91 /* AbstinenceSupportCore */,
			);
			productName = AbstinenceSupportWidgetExtension;
			productReference = 7BF0270E2D682A1D001EFC91 /* AbstinenceSupportWidgetExtension.appex */;
			productType = "com.apple.product-type.app-extension";
		};
/* End PBXNativeTarget section */

/* Begin PBXProject section */
		7B0015B22D57E53100448669 /* Project object */ = {
			isa = PBXProject;
			attributes = {
				BuildIndependentTargetsInParallel = 1;
				LastSwiftUpdateCheck = 1620;
				LastUpgradeCheck = 1620;
				TargetAttributes = {
					7B0015B92D57E53100448669 = {
						CreatedOnToolsVersion = 16.2;
					};
					7BF0270D2D682A1D001EFC91 = {
						CreatedOnToolsVersion = 16.2;
					};
				};
			};
			buildConfigurationList = 7B0015B52D57E53100448669 /* Build configuration list for PBXProject "AbstinenceSupport" */;
			developmentRegion = ja;
			hasScannedForEncodings = 0;
			knownRegions = (
				en,
				Base,
				ja,
			);
			mainGroup = 7B0015B12D57E53100448669;
			minimizedProjectReferenceProxies = 1;
			packageReferences = (
			);
			preferredProjectObjectVersion = 77;
			productRefGroup = 7B0015BB2D57E53100448669 /* Products */;
			projectDirPath = "";
			projectRoot = "";
			targets = (
				7B0015B92D57E53100448669 /* AbstinenceSupport */,
				7BF0270D2D682A1D001EFC91 /* AbstinenceSupportWidgetExtension */,
			);
		};
/* End PBXProject section */

/* Begin PBXResourcesBuildPhase section */
		7B0015B82D57E53100448669 /* Resources */ = {
			isa = PBXResourcesBuildPhase;
			buildActionMask = 2147483647;
			files = (
				7B7927C02D6C5DC7003FBEDD /* PrivacyInfo.xcprivacy in Resources */,
			);
			runOnlyForDeploymentPostprocessing = 0;
		};
		7BF0270C2D682A1D001EFC91 /* Resources */ = {
			isa = PBXResourcesBuildPhase;
			buildActionMask = 2147483647;
			files = (
				7B7927C12D6C5E0E003FBEDD /* PrivacyInfo.xcprivacy in Resources */,
			);
			runOnlyForDeploymentPostprocessing = 0;
		};
/* End PBXResourcesBuildPhase section */

/* Begin PBXShellScriptBuildPhase section */
		7B0015FC2D58C0C200448669 /* swift-format */ = {
			isa = PBXShellScriptBuildPhase;
			alwaysOutOfDate = 1;
			buildActionMask = 2147483647;
			files = (
			);
			inputFileListPaths = (
			);
			inputPaths = (
			);
			name = "swift-format";
			outputFileListPaths = (
			);
			outputPaths = (
			);
			runOnlyForDeploymentPostprocessing = 0;
			shellPath = /bin/sh;
			shellScript = "# Xcode 16 から swift-format が同梱されている\nif [ \"$CONFIGURATION\" == \"Debug\" ]; then\n    swift-format format --configuration $PROJECT_DIR/../../AbstinenceSupportPackage/.swift-format -p -i -r $PROJECT_DIR/../../AbstinenceSupportPackage/Sources/\n    swift-format lint --configuration $PROJECT_DIR/../../AbstinenceSupportPackage/.swift-format -p -r $PROJECT_DIR/../../TagMemoPackage/Sources/\nfi\n";
		};
/* End PBXShellScriptBuildPhase section */

/* Begin PBXSourcesBuildPhase section */
		7B0015B62D57E53100448669 /* Sources */ = {
			isa = PBXSourcesBuildPhase;
			buildActionMask = 2147483647;
			files = (
			);
			runOnlyForDeploymentPostprocessing = 0;
		};
		7BF0270A2D682A1D001EFC91 /* Sources */ = {
			isa = PBXSourcesBuildPhase;
			buildActionMask = 2147483647;
			files = (
			);
			runOnlyForDeploymentPostprocessing = 0;
		};
/* End PBXSourcesBuildPhase section */

/* Begin PBXTargetDependency section */
		7BF027222D682A20001EFC91 /* PBXTargetDependency */ = {
			isa = PBXTargetDependency;
			target = 7BF0270D2D682A1D001EFC91 /* AbstinenceSupportWidgetExtension */;
			targetProxy = 7BF027212D682A20001EFC91 /* PBXContainerItemProxy */;
		};
/* End PBXTargetDependency section */

/* Begin XCBuildConfiguration section */
		7B0015C62D57E53400448669 /* Debug */ = {
			isa = XCBuildConfiguration;
			baseConfigurationReference = 7B7926D32D6BA14A003FBEDD /* Default.xcconfig */;
			buildSettings = {
				ALWAYS_SEARCH_USER_PATHS = NO;
				ASSETCATALOG_COMPILER_GENERATE_SWIFT_ASSET_SYMBOL_EXTENSIONS = YES;
				CLANG_ANALYZER_NONNULL = YES;
				CLANG_ANALYZER_NUMBER_OBJECT_CONVERSION = YES_AGGRESSIVE;
				CLANG_CXX_LANGUAGE_STANDARD = "gnu++20";
				CLANG_ENABLE_MODULES = YES;
				CLANG_ENABLE_OBJC_ARC = YES;
				CLANG_ENABLE_OBJC_WEAK = YES;
				CLANG_WARN_BLOCK_CAPTURE_AUTORELEASING = YES;
				CLANG_WARN_BOOL_CONVERSION = YES;
				CLANG_WARN_COMMA = YES;
				CLANG_WARN_CONSTANT_CONVERSION = YES;
				CLANG_WARN_DEPRECATED_OBJC_IMPLEMENTATIONS = YES;
				CLANG_WARN_DIRECT_OBJC_ISA_USAGE = YES_ERROR;
				CLANG_WARN_DOCUMENTATION_COMMENTS = YES;
				CLANG_WARN_EMPTY_BODY = YES;
				CLANG_WARN_ENUM_CONVERSION = YES;
				CLANG_WARN_INFINITE_RECURSION = YES;
				CLANG_WARN_INT_CONVERSION = YES;
				CLANG_WARN_NON_LITERAL_NULL_CONVERSION = YES;
				CLANG_WARN_OBJC_IMPLICIT_RETAIN_SELF = YES;
				CLANG_WARN_OBJC_LITERAL_CONVERSION = YES;
				CLANG_WARN_OBJC_ROOT_CLASS = YES_ERROR;
				CLANG_WARN_QUOTED_INCLUDE_IN_FRAMEWORK_HEADER = YES;
				CLANG_WARN_RANGE_LOOP_ANALYSIS = YES;
				CLANG_WARN_STRICT_PROTOTYPES = YES;
				CLANG_WARN_SUSPICIOUS_MOVE = YES;
				CLANG_WARN_UNGUARDED_AVAILABILITY = YES_AGGRESSIVE;
				CLANG_WARN_UNREACHABLE_CODE = YES;
				CLANG_WARN__DUPLICATE_METHOD_MATCH = YES;
				COPY_PHASE_STRIP = NO;
				DEBUG_INFORMATION_FORMAT = dwarf;
				ENABLE_STRICT_OBJC_MSGSEND = YES;
				ENABLE_TESTABILITY = YES;
				ENABLE_USER_SCRIPT_SANDBOXING = YES;
				GCC_C_LANGUAGE_STANDARD = gnu17;
				GCC_DYNAMIC_NO_PIC = NO;
				GCC_NO_COMMON_BLOCKS = YES;
				GCC_OPTIMIZATION_LEVEL = 0;
				GCC_PREPROCESSOR_DEFINITIONS = (
					"DEBUG=1",
					"$(inherited)",
				);
				GCC_WARN_64_TO_32_BIT_CONVERSION = YES;
				GCC_WARN_ABOUT_RETURN_TYPE = YES_ERROR;
				GCC_WARN_UNDECLARED_SELECTOR = YES;
				GCC_WARN_UNINITIALIZED_AUTOS = YES_AGGRESSIVE;
				GCC_WARN_UNUSED_FUNCTION = YES;
				GCC_WARN_UNUSED_VARIABLE = YES;
				IPHONEOS_DEPLOYMENT_TARGET = 17.0;
				LOCALIZATION_PREFERS_STRING_CATALOGS = YES;
				MTL_ENABLE_DEBUG_INFO = INCLUDE_SOURCE;
				MTL_FAST_MATH = YES;
				ONLY_ACTIVE_ARCH = YES;
				SDKROOT = iphoneos;
				SWIFT_ACTIVE_COMPILATION_CONDITIONS = "DEBUG $(inherited)";
				SWIFT_OPTIMIZATION_LEVEL = "-Onone";
			};
			name = Debug;
		};
		7B0015C72D57E53400448669 /* Release */ = {
			isa = XCBuildConfiguration;
			baseConfigurationReference = 7B7926D32D6BA14A003FBEDD /* Default.xcconfig */;
			buildSettings = {
				ALWAYS_SEARCH_USER_PATHS = NO;
				ASSETCATALOG_COMPILER_GENERATE_SWIFT_ASSET_SYMBOL_EXTENSIONS = YES;
				CLANG_ANALYZER_NONNULL = YES;
				CLANG_ANALYZER_NUMBER_OBJECT_CONVERSION = YES_AGGRESSIVE;
				CLANG_CXX_LANGUAGE_STANDARD = "gnu++20";
				CLANG_ENABLE_MODULES = YES;
				CLANG_ENABLE_OBJC_ARC = YES;
				CLANG_ENABLE_OBJC_WEAK = YES;
				CLANG_WARN_BLOCK_CAPTURE_AUTORELEASING = YES;
				CLANG_WARN_BOOL_CONVERSION = YES;
				CLANG_WARN_COMMA = YES;
				CLANG_WARN_CONSTANT_CONVERSION = YES;
				CLANG_WARN_DEPRECATED_OBJC_IMPLEMENTATIONS = YES;
				CLANG_WARN_DIRECT_OBJC_ISA_USAGE = YES_ERROR;
				CLANG_WARN_DOCUMENTATION_COMMENTS = YES;
				CLANG_WARN_EMPTY_BODY = YES;
				CLANG_WARN_ENUM_CONVERSION = YES;
				CLANG_WARN_INFINITE_RECURSION = YES;
				CLANG_WARN_INT_CONVERSION = YES;
				CLANG_WARN_NON_LITERAL_NULL_CONVERSION = YES;
				CLANG_WARN_OBJC_IMPLICIT_RETAIN_SELF = YES;
				CLANG_WARN_OBJC_LITERAL_CONVERSION = YES;
				CLANG_WARN_OBJC_ROOT_CLASS = YES_ERROR;
				CLANG_WARN_QUOTED_INCLUDE_IN_FRAMEWORK_HEADER = YES;
				CLANG_WARN_RANGE_LOOP_ANALYSIS = YES;
				CLANG_WARN_STRICT_PROTOTYPES = YES;
				CLANG_WARN_SUSPICIOUS_MOVE = YES;
				CLANG_WARN_UNGUARDED_AVAILABILITY = YES_AGGRESSIVE;
				CLANG_WARN_UNREACHABLE_CODE = YES;
				CLANG_WARN__DUPLICATE_METHOD_MATCH = YES;
				COPY_PHASE_STRIP = NO;
				DEBUG_INFORMATION_FORMAT = "dwarf-with-dsym";
				ENABLE_NS_ASSERTIONS = NO;
				ENABLE_STRICT_OBJC_MSGSEND = YES;
				ENABLE_USER_SCRIPT_SANDBOXING = YES;
				GCC_C_LANGUAGE_STANDARD = gnu17;
				GCC_NO_COMMON_BLOCKS = YES;
				GCC_WARN_64_TO_32_BIT_CONVERSION = YES;
				GCC_WARN_ABOUT_RETURN_TYPE = YES_ERROR;
				GCC_WARN_UNDECLARED_SELECTOR = YES;
				GCC_WARN_UNINITIALIZED_AUTOS = YES_AGGRESSIVE;
				GCC_WARN_UNUSED_FUNCTION = YES;
				GCC_WARN_UNUSED_VARIABLE = YES;
				IPHONEOS_DEPLOYMENT_TARGET = 17.0;
				LOCALIZATION_PREFERS_STRING_CATALOGS = YES;
				MTL_ENABLE_DEBUG_INFO = NO;
				MTL_FAST_MATH = YES;
				SDKROOT = iphoneos;
				SWIFT_COMPILATION_MODE = wholemodule;
				VALIDATE_PRODUCT = YES;
			};
			name = Release;
		};
		7B0015C92D57E53400448669 /* Debug */ = {
			isa = XCBuildConfiguration;
			baseConfigurationReference = 7B7926D32D6BA14A003FBEDD /* Default.xcconfig */;
			buildSettings = {
				ASSETCATALOG_COMPILER_APPICON_NAME = AppIcon;
				ASSETCATALOG_COMPILER_GLOBAL_ACCENT_COLOR_NAME = AccentColor;
				CODE_SIGN_ENTITLEMENTS = AbstinenceSupport/AbstinenceSupport.entitlements;
				"CODE_SIGN_IDENTITY[sdk=iphoneos*]" = "iPhone Developer";
				CODE_SIGN_STYLE = Manual;
				CURRENT_PROJECT_VERSION = 1;
				DEBUG_INFORMATION_FORMAT = "dwarf-with-dsym";
				DEVELOPMENT_ASSET_PATHS = "\"AbstinenceSupport/Preview Content\"";
				DEVELOPMENT_TEAM = "";
				"DEVELOPMENT_TEAM[sdk=iphoneos*]" = 38BV25GUUS;
				ENABLE_PREVIEWS = YES;
				GENERATE_INFOPLIST_FILE = NO;
				INFOPLIST_FILE = AbstinenceSupport/Info.plist;
				INFOPLIST_KEY_CFBundleDisplayName = "$(APP_NAME)";
				INFOPLIST_KEY_NSUserTrackingUsageDescription = "「許可」すると最適な広告が表示されます";
				INFOPLIST_KEY_UIApplicationSceneManifest_Generation = YES;
				INFOPLIST_KEY_UIApplicationSupportsIndirectInputEvents = YES;
				INFOPLIST_KEY_UILaunchStoryboardName = LaunchScreen;
				INFOPLIST_KEY_UISupportedInterfaceOrientations = UIInterfaceOrientationPortrait;
				INFOPLIST_KEY_UISupportedInterfaceOrientations_iPad = "UIInterfaceOrientationLandscapeLeft UIInterfaceOrientationLandscapeRight UIInterfaceOrientationPortrait UIInterfaceOrientationPortraitUpsideDown";
				INFOPLIST_KEY_UIUserInterfaceStyle = Light;
				IPHONEOS_DEPLOYMENT_TARGET = 17.0;
				LD_RUNPATH_SEARCH_PATHS = (
					"$(inherited)",
					"@executable_path/Frameworks",
				);
				MARKETING_VERSION = 1.0;
				PRODUCT_BUNDLE_IDENTIFIER = com.tyomashin.AbstinenceSupport;
				PRODUCT_NAME = "$(TARGET_NAME)";
				PROVISIONING_PROFILE_SPECIFIER = "";
				"PROVISIONING_PROFILE_SPECIFIER[sdk=iphoneos*]" = "AbstinenceSupport Dev";
				SUPPORTED_PLATFORMS = "iphoneos iphonesimulator";
				SUPPORTS_MACCATALYST = NO;
				SUPPORTS_MAC_DESIGNED_FOR_IPHONE_IPAD = NO;
				SUPPORTS_XR_DESIGNED_FOR_IPHONE_IPAD = NO;
				SWIFT_EMIT_LOC_STRINGS = YES;
				SWIFT_VERSION = 5.0;
				TARGETED_DEVICE_FAMILY = 1;
			};
			name = Debug;
		};
		7B0015CA2D57E53400448669 /* Release */ = {
			isa = XCBuildConfiguration;
			baseConfigurationReference = 7B7926D32D6BA14A003FBEDD /* Default.xcconfig */;
			buildSettings = {
				ASSETCATALOG_COMPILER_APPICON_NAME = AppIcon;
				ASSETCATALOG_COMPILER_GLOBAL_ACCENT_COLOR_NAME = AccentColor;
				CODE_SIGN_ENTITLEMENTS = AbstinenceSupport/AbstinenceSupport.entitlements;
				"CODE_SIGN_IDENTITY[sdk=iphoneos*]" = "iPhone Distribution";
				CODE_SIGN_STYLE = Manual;
				CURRENT_PROJECT_VERSION = 1;
				DEVELOPMENT_ASSET_PATHS = "\"AbstinenceSupport/Preview Content\"";
				DEVELOPMENT_TEAM = "";
				"DEVELOPMENT_TEAM[sdk=iphoneos*]" = 38BV25GUUS;
				ENABLE_PREVIEWS = YES;
				GENERATE_INFOPLIST_FILE = NO;
				INFOPLIST_FILE = AbstinenceSupport/Info.plist;
				INFOPLIST_KEY_CFBundleDisplayName = "$(APP_NAME)";
				INFOPLIST_KEY_NSUserTrackingUsageDescription = "「許可」すると最適な広告が表示されます";
				INFOPLIST_KEY_UIApplicationSceneManifest_Generation = YES;
				INFOPLIST_KEY_UIApplicationSupportsIndirectInputEvents = YES;
				INFOPLIST_KEY_UILaunchStoryboardName = LaunchScreen;
				INFOPLIST_KEY_UISupportedInterfaceOrientations = UIInterfaceOrientationPortrait;
				INFOPLIST_KEY_UISupportedInterfaceOrientations_iPad = "UIInterfaceOrientationLandscapeLeft UIInterfaceOrientationLandscapeRight UIInterfaceOrientationPortrait UIInterfaceOrientationPortraitUpsideDown";
				INFOPLIST_KEY_UIUserInterfaceStyle = Light;
				IPHONEOS_DEPLOYMENT_TARGET = 17.0;
				LD_RUNPATH_SEARCH_PATHS = (
					"$(inherited)",
					"@executable_path/Frameworks",
				);
				MARKETING_VERSION = 1.0;
				PRODUCT_BUNDLE_IDENTIFIER = com.tyomashin.AbstinenceSupport;
				PRODUCT_NAME = "$(TARGET_NAME)";
				PROVISIONING_PROFILE_SPECIFIER = "";
				"PROVISIONING_PROFILE_SPECIFIER[sdk=iphoneos*]" = "AbstinenceSupport Release";
				SUPPORTED_PLATFORMS = "iphoneos iphonesimulator";
				SUPPORTS_MACCATALYST = NO;
				SUPPORTS_MAC_DESIGNED_FOR_IPHONE_IPAD = NO;
				SUPPORTS_XR_DESIGNED_FOR_IPHONE_IPAD = NO;
				SWIFT_EMIT_LOC_STRINGS = YES;
				SWIFT_VERSION = 5.0;
				TARGETED_DEVICE_FAMILY = 1;
			};
			name = Release;
		};
		7BF027252D682A20001EFC91 /* Debug */ = {
			isa = XCBuildConfiguration;
			baseConfigurationReference = 7B7926D32D6BA14A003FBEDD /* Default.xcconfig */;
			buildSettings = {
				ASSETCATALOG_COMPILER_APPICON_NAME = AppIcon;
				ASSETCATALOG_COMPILER_GLOBAL_ACCENT_COLOR_NAME = AccentColor;
				ASSETCATALOG_COMPILER_WIDGET_BACKGROUND_COLOR_NAME = WidgetBackground;
				CODE_SIGN_ENTITLEMENTS = AbstinenceSupportWidgetExtension.entitlements;
				"CODE_SIGN_IDENTITY[sdk=iphoneos*]" = "iPhone Developer";
				CODE_SIGN_STYLE = Manual;
				CURRENT_PROJECT_VERSION = 1;
				DEVELOPMENT_TEAM = "";
				"DEVELOPMENT_TEAM[sdk=iphoneos*]" = 38BV25GUUS;
				GENERATE_INFOPLIST_FILE = NO;
				INFOPLIST_FILE = AbstinenceSupportWidget/Info.plist;
				INFOPLIST_KEY_CFBundleDisplayName = "$(APP_NAME)";
				INFOPLIST_KEY_NSHumanReadableCopyright = "";
				IPHONEOS_DEPLOYMENT_TARGET = 17.0;
				LD_RUNPATH_SEARCH_PATHS = (
					"$(inherited)",
					"@executable_path/Frameworks",
					"@executable_path/../../Frameworks",
				);
				MARKETING_VERSION = 1.0;
				PRODUCT_BUNDLE_IDENTIFIER = com.tyomashin.AbstinenceSupport.Widget;
				PRODUCT_NAME = "$(TARGET_NAME)";
				PROVISIONING_PROFILE_SPECIFIER = "";
				"PROVISIONING_PROFILE_SPECIFIER[sdk=iphoneos*]" = Wildcard;
				SKIP_INSTALL = YES;
				SUPPORTED_PLATFORMS = "iphoneos iphonesimulator";
				SUPPORTS_MACCATALYST = NO;
				SUPPORTS_MAC_DESIGNED_FOR_IPHONE_IPAD = NO;
				SUPPORTS_XR_DESIGNED_FOR_IPHONE_IPAD = NO;
				SWIFT_EMIT_LOC_STRINGS = YES;
				SWIFT_VERSION = 5.0;
				TARGETED_DEVICE_FAMILY = 1;
			};
			name = Debug;
		};
		7BF027262D682A20001EFC91 /* Release */ = {
			isa = XCBuildConfiguration;
			baseConfigurationReference = 7B7926D32D6BA14A003FBEDD /* Default.xcconfig */;
			buildSettings = {
				ASSETCATALOG_COMPILER_APPICON_NAME = AppIcon;
				ASSETCATALOG_COMPILER_GLOBAL_ACCENT_COLOR_NAME = AccentColor;
				ASSETCATALOG_COMPILER_WIDGET_BACKGROUND_COLOR_NAME = WidgetBackground;
				CODE_SIGN_ENTITLEMENTS = AbstinenceSupportWidgetExtension.entitlements;
				"CODE_SIGN_IDENTITY[sdk=iphoneos*]" = "iPhone Distribution";
				CODE_SIGN_STYLE = Manual;
				CURRENT_PROJECT_VERSION = 1;
				DEVELOPMENT_TEAM = "";
				"DEVELOPMENT_TEAM[sdk=iphoneos*]" = 38BV25GUUS;
				GENERATE_INFOPLIST_FILE = NO;
				INFOPLIST_FILE = AbstinenceSupportWidget/Info.plist;
				INFOPLIST_KEY_CFBundleDisplayName = "$(APP_NAME)";
				INFOPLIST_KEY_NSHumanReadableCopyright = "";
				IPHONEOS_DEPLOYMENT_TARGET = 17.0;
				LD_RUNPATH_SEARCH_PATHS = (
					"$(inherited)",
					"@executable_path/Frameworks",
					"@executable_path/../../Frameworks",
				);
				MARKETING_VERSION = 1.0;
				PRODUCT_BUNDLE_IDENTIFIER = com.tyomashin.AbstinenceSupport.Widget;
				PRODUCT_NAME = "$(TARGET_NAME)";
				PROVISIONING_PROFILE_SPECIFIER = "";
				"PROVISIONING_PROFILE_SPECIFIER[sdk=iphoneos*]" = "AbstinenceSupport Widget Release";
				SKIP_INSTALL = YES;
				SUPPORTED_PLATFORMS = "iphoneos iphonesimulator";
				SUPPORTS_MACCATALYST = NO;
				SUPPORTS_MAC_DESIGNED_FOR_IPHONE_IPAD = NO;
				SUPPORTS_XR_DESIGNED_FOR_IPHONE_IPAD = NO;
				SWIFT_EMIT_LOC_STRINGS = YES;
				SWIFT_VERSION = 5.0;
				TARGETED_DEVICE_FAMILY = 1;
			};
			name = Release;
		};
/* End XCBuildConfiguration section */

/* Begin XCConfigurationList section */
		7B0015B52D57E53100448669 /* Build configuration list for PBXProject "AbstinenceSupport" */ = {
			isa = XCConfigurationList;
			buildConfigurations = (
				7B0015C62D57E53400448669 /* Debug */,
				7B0015C72D57E53400448669 /* Release */,
			);
			defaultConfigurationIsVisible = 0;
			defaultConfigurationName = Release;
		};
		7B0015C82D57E53400448669 /* Build configuration list for PBXNativeTarget "AbstinenceSupport" */ = {
			isa = XCConfigurationList;
			buildConfigurations = (
				7B0015C92D57E53400448669 /* Debug */,
				7B0015CA2D57E53400448669 /* Release */,
			);
			defaultConfigurationIsVisible = 0;
			defaultConfigurationName = Release;
		};
		7BF027272D682A20001EFC91 /* Build configuration list for PBXNativeTarget "AbstinenceSupportWidgetExtension" */ = {
			isa = XCConfigurationList;
			buildConfigurations = (
				7BF027252D682A20001EFC91 /* Debug */,
				7BF027262D682A20001EFC91 /* Release */,
			);
			defaultConfigurationIsVisible = 0;
			defaultConfigurationName = Release;
		};
/* End XCConfigurationList section */

/* Begin XCSwiftPackageProductDependency section */
		7B0015D92D57E8D000448669 /* AbstinenceSupportCore */ = {
			isa = XCSwiftPackageProductDependency;
			productName = AbstinenceSupportCore;
		};
		7BF027292D682F86001EFC91 /* AbstinenceSupportCore */ = {
			isa = XCSwiftPackageProductDependency;
			productName = AbstinenceSupportCore;
		};
/* End XCSwiftPackageProductDependency section */
	};
	rootObject = 7B0015B22D57E53100448669 /* Project object */;
}
